// !$*UTF8*$!
{
	archiveVersion = 1;
	classes = {
	};
	objectVersion = 56;
	objects = {

/* Begin PBXBuildFile section */
		FC9418E52CC51F4F00442D77 /* waterTrackingAppApp.swift in Sources */ = {isa = PBXBuildFile; fileRef = FC9418E42CC51F4F00442D77 /* waterTrackingAppApp.swift */; };
		FC9418E92CC51F5400442D77 /* Assets.xcassets in Resources */ = {isa = PBXBuildFile; fileRef = FC9418E82CC51F5400442D77 /* Assets.xcassets */; };
		FC9418EC2CC51F5400442D77 /* Preview Assets.xcassets in Resources */ = {isa = PBXBuildFile; fileRef = FC9418EB2CC51F5400442D77 /* Preview Assets.xcassets */; };
		FC9418F32CC5453700442D77 /* onboradingScreen.swift in Sources */ = {isa = PBXBuildFile; fileRef = FC9418F22CC5453600442D77 /* onboradingScreen.swift */; };
		FC9418F52CC7CC1900442D77 /* NotificationPreferencesScreen.swift in Sources */ = {isa = PBXBuildFile; fileRef = FC9418F42CC7CC1900442D77 /* NotificationPreferencesScreen.swift */; };
		FC9418F72CC934F600442D77 /* IntakeProgressScreen.swift in Sources */ = {isa = PBXBuildFile; fileRef = FC9418F62CC934F600442D77 /* IntakeProgressScreen.swift */; };
		FC9418FA2CCA6EE800442D77 /* WaterTrackerModel.swift in Sources */ = {isa = PBXBuildFile; fileRef = FC9418F92CCA6EE800442D77 /* WaterTrackerModel.swift */; };
		FC9418FC2CCA776500442D77 /* WaterTrackerViewModel.swift in Sources */ = {isa = PBXBuildFile; fileRef = FC9418FB2CCA776500442D77 /* WaterTrackerViewModel.swift */; };
		FC9418FF2CCFB09F00442D77 /* NotificationSettings.swift in Sources */ = {isa = PBXBuildFile; fileRef = FC9418FE2CCFB09F00442D77 /* NotificationSettings.swift */; };
/* End PBXBuildFile section */

/* Begin PBXFileReference section */
		FC9418E12CC51F4F00442D77 /* waterTrackingApp.app */ = {isa = PBXFileReference; explicitFileType = wrapper.application; includeInIndex = 0; path = waterTrackingApp.app; sourceTree = BUILT_PRODUCTS_DIR; };
		FC9418E42CC51F4F00442D77 /* waterTrackingAppApp.swift */ = {isa = PBXFileReference; lastKnownFileType = sourcecode.swift; path = waterTrackingAppApp.swift; sourceTree = "<group>"; };
		FC9418E82CC51F5400442D77 /* Assets.xcassets */ = {isa = PBXFileReference; lastKnownFileType = folder.assetcatalog; path = Assets.xcassets; sourceTree = "<group>"; };
		FC9418EB2CC51F5400442D77 /* Preview Assets.xcassets */ = {isa = PBXFileReference; lastKnownFileType = folder.assetcatalog; path = "Preview Assets.xcassets"; sourceTree = "<group>"; };
		FC9418F22CC5453600442D77 /* onboradingScreen.swift */ = {isa = PBXFileReference; lastKnownFileType = sourcecode.swift; path = onboradingScreen.swift; sourceTree = "<group>"; };
		FC9418F42CC7CC1900442D77 /* NotificationPreferencesScreen.swift */ = {isa = PBXFileReference; lastKnownFileType = sourcecode.swift; path = NotificationPreferencesScreen.swift; sourceTree = "<group>"; };
		FC9418F62CC934F600442D77 /* IntakeProgressScreen.swift */ = {isa = PBXFileReference; lastKnownFileType = sourcecode.swift; path = IntakeProgressScreen.swift; sourceTree = "<group>"; };
		FC9418F92CCA6EE800442D77 /* WaterTrackerModel.swift */ = {isa = PBXFileReference; lastKnownFileType = sourcecode.swift; path = WaterTrackerModel.swift; sourceTree = "<group>"; };
		FC9418FB2CCA776500442D77 /* WaterTrackerViewModel.swift */ = {isa = PBXFileReference; lastKnownFileType = sourcecode.swift; path = WaterTrackerViewModel.swift; sourceTree = "<group>"; };
		FC9418FE2CCFB09F00442D77 /* NotificationSettings.swift */ = {isa = PBXFileReference; lastKnownFileType = sourcecode.swift; path = NotificationSettings.swift; sourceTree = "<group>"; };
/* End PBXFileReference section */

/* Begin PBXFrameworksBuildPhase section */
		FC9418DE2CC51F4F00442D77 /* Frameworks */ = {
			isa = PBXFrameworksBuildPhase;
			buildActionMask = 2147483647;
			files = (
			);
			runOnlyForDeploymentPostprocessing = 0;
		};
/* End PBXFrameworksBuildPhase section */

/* Begin PBXGroup section */
		FC9418D82CC51F4F00442D77 = {
			isa = PBXGroup;
			children = (
				FC9418FB2CCA776500442D77 /* WaterTrackerViewModel.swift */,
				FC9418F92CCA6EE800442D77 /* WaterTrackerModel.swift */,
				FC9418E32CC51F4F00442D77 /* waterTrackingApp */,
				FC9418E22CC51F4F00442D77 /* Products */,
			);
			sourceTree = "<group>";
		};
		FC9418E22CC51F4F00442D77 /* Products */ = {
			isa = PBXGroup;
			children = (
				FC9418E12CC51F4F00442D77 /* waterTrackingApp.app */,
			);
			name = Products;
			sourceTree = "<group>";
		};
		FC9418E32CC51F4F00442D77 /* waterTrackingApp */ = {
			isa = PBXGroup;
			children = (
				FC9418E42CC51F4F00442D77 /* waterTrackingAppApp.swift */,
				FC9418F22CC5453600442D77 /* onboradingScreen.swift */,
				FC9418F42CC7CC1900442D77 /* NotificationPreferencesScreen.swift */,
				FC9418F62CC934F600442D77 /* IntakeProgressScreen.swift */,
				FC9418FE2CCFB09F00442D77 /* NotificationSettings.swift */,
				FC9418EA2CC51F5400442D77 /* Preview Content */,
			);
			path = waterTrackingApp;
			sourceTree = "<group>";
		};
		FC9418EA2CC51F5400442D77 /* Preview Content */ = {
			isa = PBXGroup;
			children = (
				FC9418E82CC51F5400442D77 /* Assets.xcassets */,
				FC9418EB2CC51F5400442D77 /* Preview Assets.xcassets */,
			);
			path = "Preview Content";
			sourceTree = "<group>";
		};
/* End PBXGroup section */

/* Begin PBXNativeTarget section */
		FC9418E02CC51F4F00442D77 /* waterTrackingApp */ = {
			isa = PBXNativeTarget;
			buildConfigurationList = FC9418EF2CC51F5400442D77 /* Build configuration list for PBXNativeTarget "waterTrackingApp" */;
			buildPhases = (
				FC9418DD2CC51F4F00442D77 /* Sources */,
				FC9418DE2CC51F4F00442D77 /* Frameworks */,
				FC9418DF2CC51F4F00442D77 /* Resources */,
			);
			buildRules = (
			);
			dependencies = (
			);
			name = waterTrackingApp;
			productName = waterTrackingApp;
			productReference = FC9418E12CC51F4F00442D77 /* waterTrackingApp.app */;
			productType = "com.apple.product-type.application";
		};
/* End PBXNativeTarget section */

/* Begin PBXProject section */
		FC9418D92CC51F4F00442D77 /* Project object */ = {
			isa = PBXProject;
			attributes = {
				BuildIndependentTargetsInParallel = 1;
				LastSwiftUpdateCheck = 1540;
				LastUpgradeCheck = 1540;
				TargetAttributes = {
					FC9418E02CC51F4F00442D77 = {
						CreatedOnToolsVersion = 15.4;
					};
				};
			};
			buildConfigurationList = FC9418DC2CC51F4F00442D77 /* Build configuration list for PBXProject "waterTrackingApp" */;
			compatibilityVersion = "Xcode 14.0";
			developmentRegion = en;
			hasScannedForEncodings = 0;
			knownRegions = (
				en,
				Base,
			);
			mainGroup = FC9418D82CC51F4F00442D77;
			productRefGroup = FC9418E22CC51F4F00442D77 /* Products */;
			projectDirPath = "";
			projectRoot = "";
			targets = (
				FC9418E02CC51F4F00442D77 /* waterTrackingApp */,
			);
		};
/* End PBXProject section */

/* Begin PBXResourcesBuildPhase section */
		FC9418DF2CC51F4F00442D77 /* Resources */ = {
			isa = PBXResourcesBuildPhase;
			buildActionMask = 2147483647;
			files = (
				FC9418EC2CC51F5400442D77 /* Preview Assets.xcassets in Resources */,
				FC9418E92CC51F5400442D77 /* Assets.xcassets in Resources */,
			);
			runOnlyForDeploymentPostprocessing = 0;
		};
/* End PBXResourcesBuildPhase section */

/* Begin PBXSourcesBuildPhase section */
		FC9418DD2CC51F4F00442D77 /* Sources */ = {
			isa = PBXSourcesBuildPhase;
			buildActionMask = 2147483647;
			files = (
				FC9418FC2CCA776500442D77 /* WaterTrackerViewModel.swift in Sources */,
				FC9418FA2CCA6EE800442D77 /* WaterTrackerModel.swift in Sources */,
				FC9418FF2CCFB09F00442D77 /* NotificationSettings.swift in Sources */,
				FC9418F32CC5453700442D77 /* onboradingScreen.swift in Sources */,
				FC9418F72CC934F600442D77 /* IntakeProgressScreen.swift in Sources */,
				FC9418E52CC51F4F00442D77 /* waterTrackingAppApp.swift in Sources */,
				FC9418F52CC7CC1900442D77 /* NotificationPreferencesScreen.swift in Sources */,
			);
			runOnlyForDeploymentPostprocessing = 0;
		};
/* End PBXSourcesBuildPhase section */

/* Begin XCBuildConfiguration section */
		FC9418ED2CC51F5400442D77 /* Debug */ = {
			isa = XCBuildConfiguration;
			buildSettings = {
				ALWAYS_SEARCH_USER_PATHS = NO;
				ASSETCATALOG_COMPILER_GENERATE_SWIFT_ASSET_SYMBOL_EXTENSIONS = YES;
				CLANG_ANALYZER_NONNULL = YES;
				CLANG_ANALYZER_NUMBER_OBJECT_CONVERSION = YES_AGGRESSIVE;
				CLANG_CXX_LANGUAGE_STANDARD = "gnu++20";
				CLANG_ENABLE_MODULES = YES;
				CLANG_ENABLE_OBJC_ARC = YES;
				CLANG_ENABLE_OBJC_WEAK = YES;
				CLANG_WARN_BLOCK_CAPTURE_AUTORELEASING = YES;
				CLANG_WARN_BOOL_CONVERSION = YES;
				CLANG_WARN_COMMA = YES;
				CLANG_WARN_CONSTANT_CONVERSION = YES;
				CLANG_WARN_DEPRECATED_OBJC_IMPLEMENTATIONS = YES;
				CLANG_WARN_DIRECT_OBJC_ISA_USAGE = YES_ERROR;
				CLANG_WARN_DOCUMENTATION_COMMENTS = YES;
				CLANG_WARN_EMPTY_BODY = YES;
				CLANG_WARN_ENUM_CONVERSION = YES;
				CLANG_WARN_INFINITE_RECURSION = YES;
				CLANG_WARN_INT_CONVERSION = YES;
				CLANG_WARN_NON_LITERAL_NULL_CONVERSION = YES;
				CLANG_WARN_OBJC_IMPLICIT_RETAIN_SELF = YES;
				CLANG_WARN_OBJC_LITERAL_CONVERSION = YES;
				CLANG_WARN_OBJC_ROOT_CLASS = YES_ERROR;
				CLANG_WARN_QUOTED_INCLUDE_IN_FRAMEWORK_HEADER = YES;
				CLANG_WARN_RANGE_LOOP_ANALYSIS = YES;
				CLANG_WARN_STRICT_PROTOTYPES = YES;
				CLANG_WARN_SUSPICIOUS_MOVE = YES;
				CLANG_WARN_UNGUARDED_AVAILABILITY = YES_AGGRESSIVE;
				CLANG_WARN_UNREACHABLE_CODE = YES;
				CLANG_WARN__DUPLICATE_METHOD_MATCH = YES;
				COPY_PHASE_STRIP = NO;
				DEBUG_INFORMATION_FORMAT = dwarf;
				ENABLE_STRICT_OBJC_MSGSEND = YES;
				ENABLE_TESTABILITY = YES;
				ENABLE_USER_SCRIPT_SANDBOXING = YES;
				GCC_C_LANGUAGE_STANDARD = gnu17;
				GCC_DYNAMIC_NO_PIC = NO;
				GCC_NO_COMMON_BLOCKS = YES;
				GCC_OPTIMIZATION_LEVEL = 0;
				GCC_PREPROCESSOR_DEFINITIONS = (
					"DEBUG=1",
					"$(inherited)",
				);
				GCC_WARN_64_TO_32_BIT_CONVERSION = YES;
				GCC_WARN_ABOUT_RETURN_TYPE = YES_ERROR;
				GCC_WARN_UNDECLARED_SELECTOR = YES;
				GCC_WARN_UNINITIALIZED_AUTOS = YES_AGGRESSIVE;
				GCC_WARN_UNUSED_FUNCTION = YES;
				GCC_WARN_UNUSED_VARIABLE = YES;
				IPHONEOS_DEPLOYMENT_TARGET = 17.5;
				LOCALIZATION_PREFERS_STRING_CATALOGS = YES;
				MTL_ENABLE_DEBUG_INFO = INCLUDE_SOURCE;
				MTL_FAST_MATH = YES;
				ONLY_ACTIVE_ARCH = YES;
				SDKROOT = iphoneos;
				SWIFT_ACTIVE_COMPILATION_CONDITIONS = "DEBUG $(inherited)";
				SWIFT_OPTIMIZATION_LEVEL = "-Onone";
			};
			name = Debug;
		};
		FC9418EE2CC51F5400442D77 /* Release */ = {
			isa = XCBuildConfiguration;
			buildSettings = {
				ALWAYS_SEARCH_USER_PATHS = NO;
				ASSETCATALOG_COMPILER_GENERATE_SWIFT_ASSET_SYMBOL_EXTENSIONS = YES;
				CLANG_ANALYZER_NONNULL = YES;
				CLANG_ANALYZER_NUMBER_OBJECT_CONVERSION = YES_AGGRESSIVE;
				CLANG_CXX_LANGUAGE_STANDARD = "gnu++20";
				CLANG_ENABLE_MODULES = YES;
				CLANG_ENABLE_OBJC_ARC = YES;
				CLANG_ENABLE_OBJC_WEAK = YES;
				CLANG_WARN_BLOCK_CAPTURE_AUTORELEASING = YES;
				CLANG_WARN_BOOL_CONVERSION = YES;
				CLANG_WARN_COMMA = YES;
				CLANG_WARN_CONSTANT_CONVERSION = YES;
				CLANG_WARN_DEPRECATED_OBJC_IMPLEMENTATIONS = YES;
				CLANG_WARN_DIRECT_OBJC_ISA_USAGE = YES_ERROR;
				CLANG_WARN_DOCUMENTATION_COMMENTS = YES;
				CLANG_WARN_EMPTY_BODY = YES;
				CLANG_WARN_ENUM_CONVERSION = YES;
				CLANG_WARN_INFINITE_RECURSION = YES;
				CLANG_WARN_INT_CONVERSION = YES;
				CLANG_WARN_NON_LITERAL_NULL_CONVERSION = YES;
				CLANG_WARN_OBJC_IMPLICIT_RETAIN_SELF = YES;
				CLANG_WARN_OBJC_LITERAL_CONVERSION = YES;
				CLANG_WARN_OBJC_ROOT_CLASS = YES_ERROR;
				CLANG_WARN_QUOTED_INCLUDE_IN_FRAMEWORK_HEADER = YES;
				CLANG_WARN_RANGE_LOOP_ANALYSIS = YES;
				CLANG_WARN_STRICT_PROTOTYPES = YES;
				CLANG_WARN_SUSPICIOUS_MOVE = YES;
				CLANG_WARN_UNGUARDED_AVAILABILITY = YES_AGGRESSIVE;
				CLANG_WARN_UNREACHABLE_CODE = YES;
				CLANG_WARN__DUPLICATE_METHOD_MATCH = YES;
				COPY_PHASE_STRIP = NO;
				DEBUG_INFORMATION_FORMAT = "dwarf-with-dsym";
				ENABLE_NS_ASSERTIONS = NO;
				ENABLE_STRICT_OBJC_MSGSEND = YES;
				ENABLE_USER_SCRIPT_SANDBOXING = YES;
				GCC_C_LANGUAGE_STANDARD = gnu17;
				GCC_NO_COMMON_BLOCKS = YES;
				GCC_WARN_64_TO_32_BIT_CONVERSION = YES;
				GCC_WARN_ABOUT_RETURN_TYPE = YES_ERROR;
				GCC_WARN_UNDECLARED_SELECTOR = YES;
				GCC_WARN_UNINITIALIZED_AUTOS = YES_AGGRESSIVE;
				GCC_WARN_UNUSED_FUNCTION = YES;
				GCC_WARN_UNUSED_VARIABLE = YES;
				IPHONEOS_DEPLOYMENT_TARGET = 17.5;
				LOCALIZATION_PREFERS_STRING_CATALOGS = YES;
				MTL_ENABLE_DEBUG_INFO = NO;
				MTL_FAST_MATH = YES;
				SDKROOT = iphoneos;
				SWIFT_COMPILATION_MODE = wholemodule;
				VALIDATE_PRODUCT = YES;
			};
			name = Release;
		};
		FC9418F02CC51F5400442D77 /* Debug */ = {
			isa = XCBuildConfiguration;
			buildSettings = {
				ASSETCATALOG_COMPILER_APPICON_NAME = AppIcon;
				ASSETCATALOG_COMPILER_GLOBAL_ACCENT_COLOR_NAME = AccentColor;
				CODE_SIGN_STYLE = Automatic;
				CURRENT_PROJECT_VERSION = 1;
				DEVELOPMENT_ASSET_PATHS = "\"waterTrackingApp/Preview Content\"";
				ENABLE_PREVIEWS = YES;
				GENERATE_INFOPLIST_FILE = YES;
				INFOPLIST_KEY_UIApplicationSceneManifest_Generation = YES;
				INFOPLIST_KEY_UIApplicationSupportsIndirectInputEvents = YES;
				INFOPLIST_KEY_UILaunchScreen_Generation = YES;
				INFOPLIST_KEY_UISupportedInterfaceOrientations_iPad = "UIInterfaceOrientationPortrait UIInterfaceOrientationPortraitUpsideDown UIInterfaceOrientationLandscapeLeft UIInterfaceOrientationLandscapeRight";
				INFOPLIST_KEY_UISupportedInterfaceOrientations_iPhone = "UIInterfaceOrientationPortrait UIInterfaceOrientationLandscapeLeft UIInterfaceOrientationLandscapeRight";
				LD_RUNPATH_SEARCH_PATHS = (
					"$(inherited)",
					"@executable_path/Frameworks",
				);
				MARKETING_VERSION = 1.0;
				PRODUCT_BUNDLE_IDENTIFIER = io.waterTrackingApp;
				PRODUCT_NAME = "$(TARGET_NAME)";
				SWIFT_EMIT_LOC_STRINGS = YES;
				SWIFT_VERSION = 5.0;
				TARGETED_DEVICE_FAMILY = "1,2";
			};
			name = Debug;
		};
		FC9418F12CC51F5400442D77 /* Release */ = {
			isa = XCBuildConfiguration;
			buildSettings = {
				ASSETCATALOG_COMPILER_APPICON_NAME = AppIcon;
				ASSETCATALOG_COMPILER_GLOBAL_ACCENT_COLOR_NAME = AccentColor;
				CODE_SIGN_STYLE = Automatic;
				CURRENT_PROJECT_VERSION = 1;
				DEVELOPMENT_ASSET_PATHS = "\"waterTrackingApp/Preview Content\"";
				ENABLE_PREVIEWS = YES;
				GENERATE_INFOPLIST_FILE = YES;
				INFOPLIST_KEY_UIApplicationSceneManifest_Generation = YES;
				INFOPLIST_KEY_UIApplicationSupportsIndirectInputEvents = YES;
				INFOPLIST_KEY_UILaunchScreen_Generation = YES;
				INFOPLIST_KEY_UISupportedInterfaceOrientations_iPad = "UIInterfaceOrientationPortrait UIInterfaceOrientationPortraitUpsideDown UIInterfaceOrientationLandscapeLeft UIInterfaceOrientationLandscapeRight";
				INFOPLIST_KEY_UISupportedInterfaceOrientations_iPhone = "UIInterfaceOrientationPortrait UIInterfaceOrientationLandscapeLeft UIInterfaceOrientationLandscapeRight";
				LD_RUNPATH_SEARCH_PATHS = (
					"$(inherited)",
					"@executable_path/Frameworks",
				);
				MARKETING_VERSION = 1.0;
				PRODUCT_BUNDLE_IDENTIFIER = io.waterTrackingApp;
				PRODUCT_NAME = "$(TARGET_NAME)";
				SWIFT_EMIT_LOC_STRINGS = YES;
				SWIFT_VERSION = 5.0;
				TARGETED_DEVICE_FAMILY = "1,2";
			};
			name = Release;
		};
/* End XCBuildConfiguration section */

/* Begin XCConfigurationList section */
		FC9418DC2CC51F4F00442D77 /* Build configuration list for PBXProject "waterTrackingApp" */ = {
			isa = XCConfigurationList;
			buildConfigurations = (
				FC9418ED2CC51F5400442D77 /* Debug */,
				FC9418EE2CC51F5400442D77 /* Release */,
			);
			defaultConfigurationIsVisible = 0;
			defaultConfigurationName = Release;
		};
		FC9418EF2CC51F5400442D77 /* Build configuration list for PBXNativeTarget "waterTrackingApp" */ = {
			isa = XCConfigurationList;
			buildConfigurations = (
				FC9418F02CC51F5400442D77 /* Debug */,
				FC9418F12CC51F5400442D77 /* Release */,
			);
			defaultConfigurationIsVisible = 0;
			defaultConfigurationName = Release;
		};
/* End XCConfigurationList section */
	};
	rootObject = FC9418D92CC51F4F00442D77 /* Project object */;
}
